github.com/pulumi/pulumi-hugo/themes/default v0.0.0-20211001184016-b02c0404fb7b h1:WFJwLQ3aFgyP9W2Dxctr6pq0pV92+in1vvzKDVaGU2E=
github.com/pulumi/pulumi-hugo/themes/default v0.0.0-20211001184016-b02c0404fb7b/go.mod h1:081/gGTOxNFBjrLQ3QvsyP34iiWgmmKDtoi5falfsuo=
github.com/pulumi/theme v0.0.0-20211005194956-d75f730aad7c h1:BIBoy7jmqMYStiGCj4pkxgCt/TeqW+7x+TwBvDOgtbY=
github.com/pulumi/theme v0.0.0-20211005194956-d75f730aad7c/go.mod h1:Ksr+ztEgwxDLYFRalb0SYu4WcGROgnF35iILealOMno=
