github.com/pulumi/pulumi-hugo/themes/default v0.0.0-20220416000535-57ea539e6d1e h1:8oXSjGYeVcggIHAcPPwcBHB4ur1DvGQJdqn4eKbfHAk=
github.com/pulumi/pulumi-hugo/themes/default v0.0.0-20220416000535-57ea539e6d1e/go.mod h1:081/gGTOxNFBjrLQ3QvsyP34iiWgmmKDtoi5falfsuo=
github.com/pulumi/theme v0.0.0-20220414150444-4a8d12ec6da5 h1:Rp53D2zfrvEKWIqlmFvhnm54ZaIC45XlsRgIH68iH4g=
github.com/pulumi/theme v0.0.0-20220414150444-4a8d12ec6da5/go.mod h1:Ksr+ztEgwxDLYFRalb0SYu4WcGROgnF35iILealOMno=
